
Microsoft Visual Studio Solution File, Format Version 12.00
# Visual Studio Version 17
VisualStudioVersion = 17.4.33205.214
MinimumVisualStudioVersion = 10.0.40219.1
Project("{FAE04EC0-301F-11D3-BF4B-00C04F79EFBC}") = "ClassLibrary1", "ClassLibrary1\ClassLibrary1.csproj", "{953D62D0-C4C3-4767-8B13-7F836CD381DE}"
EndProject
Project("{FAE04EC0-301F-11D3-BF4B-00C04F79EFBC}") = "TestProject1", "TestProject1\TestProject1.csproj", "{173E0AEB-D5D0-4775-92EF-3444E99B7819}"
EndProject
Global
	GlobalSection(SolutionConfigurationPlatforms) = preSolution
		Debug|Any CPU = Debug|Any CPU
		Release|Any CPU = Release|Any CPU
	EndGlobalSection
	GlobalSection(ProjectConfigurationPlatforms) = postSolution
		{953D62D0-C4C3-4767-8B13-7F836CD381DE}.Debug|Any CPU.ActiveCfg = Debug|Any CPU
		{953D62D0-C4C3-4767-8B13-7F836CD381DE}.Debug|Any CPU.Build.0 = Debug|Any CPU
		{953D62D0-C4C3-4767-8B13-7F836CD381DE}.Release|Any CPU.ActiveCfg = Release|Any CPU
		{953D62D0-C4C3-4767-8B13-7F836CD381DE}.Release|Any CPU.Build.0 = Release|Any CPU
		{173E0AEB-D5D0-4775-92EF-3444E99B7819}.Debug|Any CPU.ActiveCfg = Debug|Any CPU
		{173E0AEB-D5D0-4775-92EF-3444E99B7819}.Debug|Any CPU.Build.0 = Debug|Any CPU
		{173E0AEB-D5D0-4775-92EF-3444E99B7819}.Release|Any CPU.ActiveCfg = Release|Any CPU
		{173E0AEB-D5D0-4775-92EF-3444E99B7819}.Release|Any CPU.Build.0 = Release|Any CPU
	EndGlobalSection
	GlobalSection(SolutionProperties) = preSolution
		HideSolutionNode = FALSE
	EndGlobalSection
	GlobalSection(ExtensibilityGlobals) = postSolution
		SolutionGuid = {1931EE4A-1E6C-4F05-A62B-AEE13E06E96E}
	EndGlobalSection
EndGlobal
